
Microsoft Visual Studio Solution File, Format Version 12.00
# Visual Studio 15
VisualStudioVersion = 15.0.28010.2036
MinimumVisualStudioVersion = 10.0.40219.1
Project("{FAE04EC0-301F-11D3-BF4B-00C04F79EFBC}") = "TestNewApplication", "TestNewApplication\TestNewApplication.csproj", "{72C8FD41-3B11-40A6-8B66-42F45495FCEB}"
EndProject
Global
	GlobalSection(SolutionConfigurationPlatforms) = preSolution
		Debug|Any CPU = Debug|Any CPU
		Release|Any CPU = Release|Any CPU
	EndGlobalSection
	GlobalSection(ProjectConfigurationPlatforms) = postSolution
		{72C8FD41-3B11-40A6-8B66-42F45495FCEB}.Debug|Any CPU.ActiveCfg = Debug|Any CPU
		{72C8FD41-3B11-40A6-8B66-42F45495FCEB}.Debug|Any CPU.Build.0 = Debug|Any CPU
		{72C8FD41-3B11-40A6-8B66-42F45495FCEB}.Release|Any CPU.ActiveCfg = Release|Any CPU
		{72C8FD41-3B11-40A6-8B66-42F45495FCEB}.Release|Any CPU.Build.0 = Release|Any CPU
	EndGlobalSection
	GlobalSection(SolutionProperties) = preSolution
		HideSolutionNode = FALSE
	EndGlobalSection
	GlobalSection(ExtensibilityGlobals) = postSolution
		SolutionGuid = {BEBDA609-8763-450C-AA69-277886FBCD42}
	EndGlobalSection
EndGlobal
